
Microsoft Visual Studio Solution File, Format Version 12.00
# Visual Studio Version 17
VisualStudioVersion = 17.10.35027.167
MinimumVisualStudioVersion = 10.0.40219.1
Project("{FAE04EC0-301F-11D3-BF4B-00C04F79EFBC}") = "PatikaCodeFirst3", "PatikaCodeFirst3\PatikaCodeFirst3.csproj", "{07C399B7-B12E-4D50-A30E-F28A8C473E42}"
EndProject
Global
	GlobalSection(SolutionConfigurationPlatforms) = preSolution
		Debug|Any CPU = Debug|Any CPU
		Release|Any CPU = Release|Any CPU
	EndGlobalSection
	GlobalSection(ProjectConfigurationPlatforms) = postSolution
		{07C399B7-B12E-4D50-A30E-F28A8C473E42}.Debug|Any CPU.ActiveCfg = Debug|Any CPU
		{07C399B7-B12E-4D50-A30E-F28A8C473E42}.Debug|Any CPU.Build.0 = Debug|Any CPU
		{07C399B7-B12E-4D50-A30E-F28A8C473E42}.Release|Any CPU.ActiveCfg = Release|Any CPU
		{07C399B7-B12E-4D50-A30E-F28A8C473E42}.Release|Any CPU.Build.0 = Release|Any CPU
	EndGlobalSection
	GlobalSection(SolutionProperties) = preSolution
		HideSolutionNode = FALSE
	EndGlobalSection
	GlobalSection(ExtensibilityGlobals) = postSolution
		SolutionGuid = {5C4A3439-0B49-482D-9FC6-6352D65482F1}
	EndGlobalSection
EndGlobal
